# This is a Gradle generated file for dependency locking.
# Manual edits can break the build and are not advised.
# This file is expected to be part of source control.
com.atlassian.performance.tools:io:1.2.0
com.atlassian.performance.tools:jvm-tasks:1.2.3
com.atlassian.performance.tools:ssh-ubuntu:0.2.6
com.fasterxml.jackson.core:jackson-annotations:2.10.3
com.github.docker-java:docker-java-api:3.2.13
com.github.docker-java:docker-java-transport-zerodep:3.2.13
com.github.docker-java:docker-java-transport:3.2.13
com.hierynomus:sshj:0.23.0
com.jcraft:jzlib:1.1.3
junit:junit:4.13.2
net.i2p.crypto:eddsa:0.2.0
net.java.dev.jna:jna-platform:5.8.0
net.java.dev.jna:jna:5.8.0
org.apache.commons:commons-compress:1.21
org.apache.logging.log4j:log4j-api:2.17.1
org.apache.logging.log4j:log4j-core:2.17.1
org.apache.logging.log4j:log4j-slf4j-impl:2.17.1
org.bouncycastle:bcpkix-jdk15on:1.56
org.bouncycastle:bcprov-jdk15on:1.56
org.glassfish:javax.json:1.1
org.hamcrest:hamcrest-core:1.3
org.jetbrains.kotlin:kotlin-stdlib-common:1.2.70
org.jetbrains.kotlin:kotlin-stdlib-jdk7:1.2.70
org.jetbrains.kotlin:kotlin-stdlib-jdk8:1.2.70
org.jetbrains.kotlin:kotlin-stdlib:1.2.70
org.jetbrains:annotations:15.0
org.rnorth.duct-tape:duct-tape:1.0.8
org.slf4j:slf4j-api:1.8.0-alpha2
org.testcontainers:testcontainers:1.17.3
